<?xml version="1.0" encoding="utf-8"?>
<Project ToolsVersion="4.0" xmlns="http://schemas.microsoft.com/developer/msbuild/2003">
  <ItemGroup>
    <Filter Include="Character">
      <UniqueIdentifier>{61ba9325-da2e-4ca0-af8c-11e8c39cea18}</UniqueIdentifier>
    </Filter>
    <Filter Include="App">
      <UniqueIdentifier>{1c260a17-4f8f-421b-ab13-b36ca76e375b}</UniqueIdentifier>
    </Filter>
    <Filter Include="Alchemy">
      <UniqueIdentifier>{fc8e7706-cf61-4880-827a-d6b44bab6610}</UniqueIdentifier>
    </Filter>
    <Filter Include="item">
      <UniqueIdentifier>{abc8213e-3cb3-40b8-a0f5-9422ef963f91}</UniqueIdentifier>
    </Filter>
  </ItemGroup>
  <ItemGroup>
    <ClCompile Include="Archer.cpp">
      <Filter>Character</Filter>
    </ClCompile>
    <ClCompile Include="Magician.cpp">
      <Filter>Character</Filter>
    </ClCompile>
    <ClCompile Include="Player.cpp">
      <Filter>Character</Filter>
    </ClCompile>
    <ClCompile Include="Thief.cpp">
      <Filter>Character</Filter>
    </ClCompile>
    <ClCompile Include="Warrior.cpp">
      <Filter>Character</Filter>
    </ClCompile>
    <ClCompile Include="Monster.cpp">
      <Filter>Character</Filter>
    </ClCompile>
    <ClCompile Include="main.cpp">
      <Filter>App</Filter>
    </ClCompile>
    <ClCompile Include="AlchemyWorkshop.cpp">
      <Filter>Alchemy</Filter>
    </ClCompile>
  </ItemGroup>
  <ItemGroup>
    <ClInclude Include="Warrior.h">
      <Filter>Character</Filter>
    </ClInclude>
    <ClInclude Include="Thief.h">
      <Filter>Character</Filter>
    </ClInclude>
    <ClInclude Include="Player.h">
      <Filter>Character</Filter>
    </ClInclude>
    <ClInclude Include="Magician.h">
      <Filter>Character</Filter>
    </ClInclude>
    <ClInclude Include="Archer.h">
      <Filter>Character</Filter>
    </ClInclude>
    <ClInclude Include="Item.h">
      <Filter>item</Filter>
    </ClInclude>
    <ClInclude Include="Monster.h">
      <Filter>Character</Filter>
    </ClInclude>
    <ClInclude Include="AlchemyWorkshop.h">
      <Filter>Alchemy</Filter>
    </ClInclude>
    <ClInclude Include="Inventory.h">
      <Filter>item</Filter>
    </ClInclude>
    <ClInclude Include="PotionManager.h">
      <Filter>item</Filter>
    </ClInclude>
  </ItemGroup>
</Project>